
Microsoft Visual Studio Solution File, Format Version 12.00
# Visual Studio Version 16
VisualStudioVersion = 16.0.31205.134
MinimumVisualStudioVersion = 10.0.40219.1
Project("{FAE04EC0-301F-11D3-BF4B-00C04F79EFBC}") = "ApiRest", "ApiRest\ApiRest.csproj", "{9F567DE8-1DB9-4398-974D-EC87BED1A8A8}"
EndProject
Global
	GlobalSection(SolutionConfigurationPlatforms) = preSolution
		Debug|Any CPU = Debug|Any CPU
		Release|Any CPU = Release|Any CPU
	EndGlobalSection
	GlobalSection(ProjectConfigurationPlatforms) = postSolution
		{9F567DE8-1DB9-4398-974D-EC87BED1A8A8}.Debug|Any CPU.ActiveCfg = Debug|Any CPU
		{9F567DE8-1DB9-4398-974D-EC87BED1A8A8}.Debug|Any CPU.Build.0 = Debug|Any CPU
		{9F567DE8-1DB9-4398-974D-EC87BED1A8A8}.Release|Any CPU.ActiveCfg = Release|Any CPU
		{9F567DE8-1DB9-4398-974D-EC87BED1A8A8}.Release|Any CPU.Build.0 = Release|Any CPU
	EndGlobalSection
	GlobalSection(SolutionProperties) = preSolution
		HideSolutionNode = FALSE
	EndGlobalSection
	GlobalSection(ExtensibilityGlobals) = postSolution
		SolutionGuid = {60853637-6314-4994-9038-B6D6C0EACAA9}
	EndGlobalSection
EndGlobal
