
Microsoft Visual Studio Solution File, Format Version 12.00
# Visual Studio Version 16
VisualStudioVersion = 16.0.31205.134
MinimumVisualStudioVersion = 10.0.40219.1
Project("{FAE04EC0-301F-11D3-BF4B-00C04F79EFBC}") = "ApiRest", "ApiRest\ApiRest.csproj", "{9F567DE8-1DB9-4398-974D-EC87BED1A8A8}"
EndProject
Project("{FAE04EC0-301F-11D3-BF4B-00C04F79EFBC}") = "CRUD API REST", "CRUD API REST\CRUD API REST.csproj", "{DA302204-7212-40A0-A45A-825BC4B2902C}"
EndProject
Project("{FAE04EC0-301F-11D3-BF4B-00C04F79EFBC}") = "Clases", "..\CP 5\CP5\Clases\Clases.csproj", "{D5AA83A4-88C9-4B9C-8B48-0822E4AF974A}"
EndProject
Project("{9A19103F-16F7-4668-BE54-9A1E7A4F7556}") = "BlazorServerApiRestClient", "BlazorServerApiRestClient\BlazorServerApiRestClient.csproj", "{74EC3C36-0C19-4FFD-A27B-415B3A23EA48}"
EndProject
Global
	GlobalSection(SolutionConfigurationPlatforms) = preSolution
		Debug|Any CPU = Debug|Any CPU
		Release|Any CPU = Release|Any CPU
	EndGlobalSection
	GlobalSection(ProjectConfigurationPlatforms) = postSolution
		{9F567DE8-1DB9-4398-974D-EC87BED1A8A8}.Debug|Any CPU.ActiveCfg = Debug|Any CPU
		{9F567DE8-1DB9-4398-974D-EC87BED1A8A8}.Debug|Any CPU.Build.0 = Debug|Any CPU
		{9F567DE8-1DB9-4398-974D-EC87BED1A8A8}.Release|Any CPU.ActiveCfg = Release|Any CPU
		{9F567DE8-1DB9-4398-974D-EC87BED1A8A8}.Release|Any CPU.Build.0 = Release|Any CPU
		{DA302204-7212-40A0-A45A-825BC4B2902C}.Debug|Any CPU.ActiveCfg = Debug|Any CPU
		{DA302204-7212-40A0-A45A-825BC4B2902C}.Debug|Any CPU.Build.0 = Debug|Any CPU
		{DA302204-7212-40A0-A45A-825BC4B2902C}.Release|Any CPU.ActiveCfg = Release|Any CPU
		{DA302204-7212-40A0-A45A-825BC4B2902C}.Release|Any CPU.Build.0 = Release|Any CPU
		{D5AA83A4-88C9-4B9C-8B48-0822E4AF974A}.Debug|Any CPU.ActiveCfg = Debug|Any CPU
		{D5AA83A4-88C9-4B9C-8B48-0822E4AF974A}.Debug|Any CPU.Build.0 = Debug|Any CPU
		{D5AA83A4-88C9-4B9C-8B48-0822E4AF974A}.Release|Any CPU.ActiveCfg = Release|Any CPU
		{D5AA83A4-88C9-4B9C-8B48-0822E4AF974A}.Release|Any CPU.Build.0 = Release|Any CPU
		{74EC3C36-0C19-4FFD-A27B-415B3A23EA48}.Debug|Any CPU.ActiveCfg = Debug|Any CPU
		{74EC3C36-0C19-4FFD-A27B-415B3A23EA48}.Debug|Any CPU.Build.0 = Debug|Any CPU
		{74EC3C36-0C19-4FFD-A27B-415B3A23EA48}.Release|Any CPU.ActiveCfg = Release|Any CPU
		{74EC3C36-0C19-4FFD-A27B-415B3A23EA48}.Release|Any CPU.Build.0 = Release|Any CPU
	EndGlobalSection
	GlobalSection(SolutionProperties) = preSolution
		HideSolutionNode = FALSE
	EndGlobalSection
	GlobalSection(ExtensibilityGlobals) = postSolution
		SolutionGuid = {60853637-6314-4994-9038-B6D6C0EACAA9}
	EndGlobalSection
EndGlobal
